
Microsoft Visual Studio Solution File, Format Version 12.00
# Visual Studio Version 17
VisualStudioVersion = 17.2.32616.157
MinimumVisualStudioVersion = 10.0.40219.1
Project("{FAE04EC0-301F-11D3-BF4B-00C04F79EFBC}") = "Approcimate Pi", "Approcimate Pi.csproj", "{C324BD0F-5704-407D-840A-94230B2ABE37}"
EndProject
Global
	GlobalSection(SolutionConfigurationPlatforms) = preSolution
		Debug|Any CPU = Debug|Any CPU
		Release|Any CPU = Release|Any CPU
	EndGlobalSection
	GlobalSection(ProjectConfigurationPlatforms) = postSolution
		{C324BD0F-5704-407D-840A-94230B2ABE37}.Debug|Any CPU.ActiveCfg = Debug|Any CPU
		{C324BD0F-5704-407D-840A-94230B2ABE37}.Debug|Any CPU.Build.0 = Debug|Any CPU
		{C324BD0F-5704-407D-840A-94230B2ABE37}.Release|Any CPU.ActiveCfg = Release|Any CPU
		{C324BD0F-5704-407D-840A-94230B2ABE37}.Release|Any CPU.Build.0 = Release|Any CPU
	EndGlobalSection
	GlobalSection(SolutionProperties) = preSolution
		HideSolutionNode = FALSE
	EndGlobalSection
	GlobalSection(ExtensibilityGlobals) = postSolution
		SolutionGuid = {E1386528-6816-4579-9F9D-3A47F27E75AA}
	EndGlobalSection
EndGlobal
